dependencies:
- name: nginx
  repository: https://charts.bitnami.com/bitnami
  version: 13.2.18
- name: nginx
  repository: https://charts.bitnami.com/bitnami
  version: 13.2.18
- name: nginx
  repository: https://charts.bitnami.com/bitnami
  version: 13.2.18
- name: nginx
  repository: https://charts.bitnami.com/bitnami
  version: 13.2.18
- name: nginx
  repository: https://charts.bitnami.com/bitnami
  version: 13.2.18
- name: elasticsearch
  repository: https://helm.elastic.co
  version: 8.5.1
digest: sha256:50b852194aba74873ea9cf0f153ac362037225a02672298bf64ee28d448127b8
generated: "2023-03-06T09:35:25.515997-06:00"
